
Microsoft Visual Studio Solution File, Format Version 12.00
# Visual Studio 15
VisualStudioVersion = 15.0.28010.2041
MinimumVisualStudioVersion = 10.0.40219.1
Project("{FAE04EC0-301F-11D3-BF4B-00C04F79EFBC}") = "chess-console", "chess-console\chess-console.csproj", "{F3596FD7-4112-46AF-B31E-7693B81E35E7}"
EndProject
Global
	GlobalSection(SolutionConfigurationPlatforms) = preSolution
		Debug|Any CPU = Debug|Any CPU
		Release|Any CPU = Release|Any CPU
	EndGlobalSection
	GlobalSection(ProjectConfigurationPlatforms) = postSolution
		{F3596FD7-4112-46AF-B31E-7693B81E35E7}.Debug|Any CPU.ActiveCfg = Debug|Any CPU
		{F3596FD7-4112-46AF-B31E-7693B81E35E7}.Debug|Any CPU.Build.0 = Debug|Any CPU
		{F3596FD7-4112-46AF-B31E-7693B81E35E7}.Release|Any CPU.ActiveCfg = Release|Any CPU
		{F3596FD7-4112-46AF-B31E-7693B81E35E7}.Release|Any CPU.Build.0 = Release|Any CPU
	EndGlobalSection
	GlobalSection(SolutionProperties) = preSolution
		HideSolutionNode = FALSE
	EndGlobalSection
	GlobalSection(ExtensibilityGlobals) = postSolution
		SolutionGuid = {3FF0E462-611F-48D1-AAAD-8BC182D777F4}
	EndGlobalSection
EndGlobal
